PODS:
  - FlutterMacOS (1.0.0)
  - hydrogen_flutter (0.0.1):
    - FlutterMacOS

DEPENDENCIES:
  - FlutterMacOS (from `Flutter/ephemeral`)
  - hydrogen_flutter (from `Flutter/ephemeral/.symlinks/plugins/hydrogen_flutter/macos`)

EXTERNAL SOURCES:
  FlutterMacOS:
    :path: Flutter/ephemeral
  hydrogen_flutter:
    :path: Flutter/ephemeral/.symlinks/plugins/hydrogen_flutter/macos

SPEC CHECKSUMS:
  FlutterMacOS: 8f6f14fa908a6fb3fba0cd85dbd81ec4b251fb24
  hydrogen_flutter: ddb6324386c71e25b3caed9a240fb274d8045787

PODFILE CHECKSUM: 236401fc2c932af29a9fcf0e97baeeb2d750d367

COCOAPODS: 1.11.3
